// !$*UTF8*$!
{
	archiveVersion = 1;
	classes = {
	};
	objectVersion = 46;
	objects = {

/* Begin PBXBuildFile section */
		5C562BC91C38583200694DAD /* AppDelegate.swift in Sources */ = {isa = PBXBuildFile; fileRef = 5C562BC81C38583200694DAD /* AppDelegate.swift */; };
		5C562BCB1C38583200694DAD /* ViewController.swift in Sources */ = {isa = PBXBuildFile; fileRef = 5C562BCA1C38583200694DAD /* ViewController.swift */; };
		5C562BCE1C38583200694DAD /* Main.storyboard in Resources */ = {isa = PBXBuildFile; fileRef = 5C562BCC1C38583200694DAD /* Main.storyboard */; };
		5C562BD01C38583200694DAD /* Assets.xcassets in Resources */ = {isa = PBXBuildFile; fileRef = 5C562BCF1C38583200694DAD /* Assets.xcassets */; };
		5C562BD31C38583200694DAD /* LaunchScreen.storyboard in Resources */ = {isa = PBXBuildFile; fileRef = 5C562BD11C38583200694DAD /* LaunchScreen.storyboard */; };
		5C562BDB1C385E7B00694DAD /* PizzaSizeViewController.swift in Sources */ = {isa = PBXBuildFile; fileRef = 5C562BDA1C385E7B00694DAD /* PizzaSizeViewController.swift */; };
		5C562BDD1C385E8C00694DAD /* MasaTypeViewController.swift in Sources */ = {isa = PBXBuildFile; fileRef = 5C562BDC1C385E8C00694DAD /* MasaTypeViewController.swift */; };
		5C562BDF1C385E9800694DAD /* CheeseTypeViewController.swift in Sources */ = {isa = PBXBuildFile; fileRef = 5C562BDE1C385E9800694DAD /* CheeseTypeViewController.swift */; };
		5C562BE11C385EA400694DAD /* IngredientsViewController.swift in Sources */ = {isa = PBXBuildFile; fileRef = 5C562BE01C385EA400694DAD /* IngredientsViewController.swift */; };
		5C562BE31C385EB700694DAD /* ConfirmationViewController.swift in Sources */ = {isa = PBXBuildFile; fileRef = 5C562BE21C385EB700694DAD /* ConfirmationViewController.swift */; };
		5C562BE51C38605000694DAD /* ConfirmarViewController.swift in Sources */ = {isa = PBXBuildFile; fileRef = 5C562BE41C38605000694DAD /* ConfirmarViewController.swift */; };
/* End PBXBuildFile section */

/* Begin PBXFileReference section */
		5C562BC51C38583100694DAD /* PizzaCreator.app */ = {isa = PBXFileReference; explicitFileType = wrapper.application; includeInIndex = 0; path = PizzaCreator.app; sourceTree = BUILT_PRODUCTS_DIR; };
		5C562BC81C38583200694DAD /* AppDelegate.swift */ = {isa = PBXFileReference; lastKnownFileType = sourcecode.swift; path = AppDelegate.swift; sourceTree = "<group>"; };
		5C562BCA1C38583200694DAD /* ViewController.swift */ = {isa = PBXFileReference; lastKnownFileType = sourcecode.swift; path = ViewController.swift; sourceTree = "<group>"; };
		5C562BCD1C38583200694DAD /* Base */ = {isa = PBXFileReference; lastKnownFileType = file.storyboard; name = Base; path = Base.lproj/Main.storyboard; sourceTree = "<group>"; };
		5C562BCF1C38583200694DAD /* Assets.xcassets */ = {isa = PBXFileReference; lastKnownFileType = folder.assetcatalog; path = Assets.xcassets; sourceTree = "<group>"; };
		5C562BD21C38583200694DAD /* Base */ = {isa = PBXFileReference; lastKnownFileType = file.storyboard; name = Base; path = Base.lproj/LaunchScreen.storyboard; sourceTree = "<group>"; };
		5C562BD41C38583200694DAD /* Info.plist */ = {isa = PBXFileReference; lastKnownFileType = text.plist.xml; path = Info.plist; sourceTree = "<group>"; };
		5C562BDA1C385E7B00694DAD /* PizzaSizeViewController.swift */ = {isa = PBXFileReference; fileEncoding = 4; lastKnownFileType = sourcecode.swift; path = PizzaSizeViewController.swift; sourceTree = "<group>"; };
		5C562BDC1C385E8C00694DAD /* MasaTypeViewController.swift */ = {isa = PBXFileReference; fileEncoding = 4; lastKnownFileType = sourcecode.swift; path = MasaTypeViewController.swift; sourceTree = "<group>"; };
		5C562BDE1C385E9800694DAD /* CheeseTypeViewController.swift */ = {isa = PBXFileReference; fileEncoding = 4; lastKnownFileType = sourcecode.swift; path = CheeseTypeViewController.swift; sourceTree = "<group>"; };
		5C562BE01C385EA400694DAD /* IngredientsViewController.swift */ = {isa = PBXFileReference; fileEncoding = 4; lastKnownFileType = sourcecode.swift; path = IngredientsViewController.swift; sourceTree = "<group>"; };
		5C562BE21C385EB700694DAD /* ConfirmationViewController.swift */ = {isa = PBXFileReference; fileEncoding = 4; lastKnownFileType = sourcecode.swift; path = ConfirmationViewController.swift; sourceTree = "<group>"; };
		5C562BE41C38605000694DAD /* ConfirmarViewController.swift */ = {isa = PBXFileReference; fileEncoding = 4; lastKnownFileType = sourcecode.swift; path = ConfirmarViewController.swift; sourceTree = "<group>"; };
/* End PBXFileReference section */

/* Begin PBXFrameworksBuildPhase section */
		5C562BC21C38583100694DAD /* Frameworks */ = {
			isa = PBXFrameworksBuildPhase;
			buildActionMask = 2147483647;
			files = (
			);
			runOnlyForDeploymentPostprocessing = 0;
		};
/* End PBXFrameworksBuildPhase section */

/* Begin PBXGroup section */
		5C562BBC1C38583100694DAD = {
			isa = PBXGroup;
			children = (
				5C562BC71C38583100694DAD /* PizzaCreator */,
				5C562BC61C38583100694DAD /* Products */,
			);
			sourceTree = "<group>";
		};
		5C562BC61C38583100694DAD /* Products */ = {
			isa = PBXGroup;
			children = (
				5C562BC51C38583100694DAD /* PizzaCreator.app */,
			);
			name = Products;
			sourceTree = "<group>";
		};
		5C562BC71C38583100694DAD /* PizzaCreator */ = {
			isa = PBXGroup;
			children = (
				5C562BC81C38583200694DAD /* AppDelegate.swift */,
				5C562BCA1C38583200694DAD /* ViewController.swift */,
				5C562BCC1C38583200694DAD /* Main.storyboard */,
				5C562BCF1C38583200694DAD /* Assets.xcassets */,
				5C562BD11C38583200694DAD /* LaunchScreen.storyboard */,
				5C562BD41C38583200694DAD /* Info.plist */,
				5C562BDA1C385E7B00694DAD /* PizzaSizeViewController.swift */,
				5C562BDC1C385E8C00694DAD /* MasaTypeViewController.swift */,
				5C562BDE1C385E9800694DAD /* CheeseTypeViewController.swift */,
				5C562BE01C385EA400694DAD /* IngredientsViewController.swift */,
				5C562BE21C385EB700694DAD /* ConfirmationViewController.swift */,
				5C562BE41C38605000694DAD /* ConfirmarViewController.swift */,
			);
			path = PizzaCreator;
			sourceTree = "<group>";
		};
/* End PBXGroup section */

/* Begin PBXNativeTarget section */
		5C562BC41C38583100694DAD /* PizzaCreator */ = {
			isa = PBXNativeTarget;
			buildConfigurationList = 5C562BD71C38583200694DAD /* Build configuration list for PBXNativeTarget "PizzaCreator" */;
			buildPhases = (
				5C562BC11C38583100694DAD /* Sources */,
				5C562BC21C38583100694DAD /* Frameworks */,
				5C562BC31C38583100694DAD /* Resources */,
			);
			buildRules = (
			);
			dependencies = (
			);
			name = PizzaCreator;
			productName = PizzaCreator;
			productReference = 5C562BC51C38583100694DAD /* PizzaCreator.app */;
			productType = "com.apple.product-type.application";
		};
/* End PBXNativeTarget section */

/* Begin PBXProject section */
		5C562BBD1C38583100694DAD /* Project object */ = {
			isa = PBXProject;
			attributes = {
				LastSwiftUpdateCheck = 0710;
				LastUpgradeCheck = 0710;
				ORGANIZATIONNAME = houyadda;
				TargetAttributes = {
					5C562BC41C38583100694DAD = {
						CreatedOnToolsVersion = 7.1.1;
						DevelopmentTeam = 9F7KE89H49;
					};
				};
			};
			buildConfigurationList = 5C562BC01C38583100694DAD /* Build configuration list for PBXProject "PizzaCreator" */;
			compatibilityVersion = "Xcode 3.2";
			developmentRegion = English;
			hasScannedForEncodings = 0;
			knownRegions = (
				en,
				Base,
			);
			mainGroup = 5C562BBC1C38583100694DAD;
			productRefGroup = 5C562BC61C38583100694DAD /* Products */;
			projectDirPath = "";
			projectRoot = "";
			targets = (
				5C562BC41C38583100694DAD /* PizzaCreator */,
			);
		};
/* End PBXProject section */

/* Begin PBXResourcesBuildPhase section */
		5C562BC31C38583100694DAD /* Resources */ = {
			isa = PBXResourcesBuildPhase;
			buildActionMask = 2147483647;
			files = (
				5C562BD31C38583200694DAD /* LaunchScreen.storyboard in Resources */,
				5C562BD01C38583200694DAD /* Assets.xcassets in Resources */,
				5C562BCE1C38583200694DAD /* Main.storyboard in Resources */,
			);
			runOnlyForDeploymentPostprocessing = 0;
		};
/* End PBXResourcesBuildPhase section */

/* Begin PBXSourcesBuildPhase section */
		5C562BC11C38583100694DAD /* Sources */ = {
			isa = PBXSourcesBuildPhase;
			buildActionMask = 2147483647;
			files = (
				5C562BE51C38605000694DAD /* ConfirmarViewController.swift in Sources */,
				5C562BE31C385EB700694DAD /* ConfirmationViewController.swift in Sources */,
				5C562BCB1C38583200694DAD /* ViewController.swift in Sources */,
				5C562BC91C38583200694DAD /* AppDelegate.swift in Sources */,
				5C562BDD1C385E8C00694DAD /* MasaTypeViewController.swift in Sources */,
				5C562BE11C385EA400694DAD /* IngredientsViewController.swift in Sources */,
				5C562BDF1C385E9800694DAD /* CheeseTypeViewController.swift in Sources */,
				5C562BDB1C385E7B00694DAD /* PizzaSizeViewController.swift in Sources */,
			);
			runOnlyForDeploymentPostprocessing = 0;
		};
/* End PBXSourcesBuildPhase section */

/* Begin PBXVariantGroup section */
		5C562BCC1C38583200694DAD /* Main.storyboard */ = {
			isa = PBXVariantGroup;
			children = (
				5C562BCD1C38583200694DAD /* Base */,
			);
			name = Main.storyboard;
			sourceTree = "<group>";
		};
		5C562BD11C38583200694DAD /* LaunchScreen.storyboard */ = {
			isa = PBXVariantGroup;
			children = (
				5C562BD21C38583200694DAD /* Base */,
			);
			name = LaunchScreen.storyboard;
			sourceTree = "<group>";
		};
/* End PBXVariantGroup section */

/* Begin XCBuildConfiguration section */
		5C562BD51C38583200694DAD /* Debug */ = {
			isa = XCBuildConfiguration;
			buildSettings = {
				ALWAYS_SEARCH_USER_PATHS = NO;
				CLANG_CXX_LANGUAGE_STANDARD = "gnu++0x";
				CLANG_CXX_LIBRARY = "libc++";
				CLANG_ENABLE_MODULES = YES;
				CLANG_ENABLE_OBJC_ARC = YES;
				CLANG_WARN_BOOL_CONVERSION = YES;
				CLANG_WARN_CONSTANT_CONVERSION = YES;
				CLANG_WARN_DIRECT_OBJC_ISA_USAGE = YES_ERROR;
				CLANG_WARN_EMPTY_BODY = YES;
				CLANG_WARN_ENUM_CONVERSION = YES;
				CLANG_WARN_INT_CONVERSION = YES;
				CLANG_WARN_OBJC_ROOT_CLASS = YES_ERROR;
				CLANG_WARN_UNREACHABLE_CODE = YES;
				CLANG_WARN__DUPLICATE_METHOD_MATCH = YES;
				"CODE_SIGN_IDENTITY[sdk=iphoneos*]" = "iPhone Developer";
				COPY_PHASE_STRIP = NO;
				DEBUG_INFORMATION_FORMAT = dwarf;
				ENABLE_STRICT_OBJC_MSGSEND = YES;
				ENABLE_TESTABILITY = YES;
				GCC_C_LANGUAGE_STANDARD = gnu99;
				GCC_DYNAMIC_NO_PIC = NO;
				GCC_NO_COMMON_BLOCKS = YES;
				GCC_OPTIMIZATION_LEVEL = 0;
				GCC_PREPROCESSOR_DEFINITIONS = (
					"DEBUG=1",
					"$(inherited)",
				);
				GCC_WARN_64_TO_32_BIT_CONVERSION = YES;
				GCC_WARN_ABOUT_RETURN_TYPE = YES_ERROR;
				GCC_WARN_UNDECLARED_SELECTOR = YES;
				GCC_WARN_UNINITIALIZED_AUTOS = YES_AGGRESSIVE;
				GCC_WARN_UNUSED_FUNCTION = YES;
				GCC_WARN_UNUSED_VARIABLE = YES;
				IPHONEOS_DEPLOYMENT_TARGET = 9.1;
				MTL_ENABLE_DEBUG_INFO = YES;
				ONLY_ACTIVE_ARCH = YES;
				SDKROOT = iphoneos;
				SWIFT_OPTIMIZATION_LEVEL = "-Onone";
				TARGETED_DEVICE_FAMILY = "1,2";
			};
			name = Debug;
		};
		5C562BD61C38583200694DAD /* Release */ = {
			isa = XCBuildConfiguration;
			buildSettings = {
				ALWAYS_SEARCH_USER_PATHS = NO;
				CLANG_CXX_LANGUAGE_STANDARD = "gnu++0x";
				CLANG_CXX_LIBRARY = "libc++";
				CLANG_ENABLE_MODULES = YES;
				CLANG_ENABLE_OBJC_ARC = YES;
				CLANG_WARN_BOOL_CONVERSION = YES;
				CLANG_WARN_CONSTANT_CONVERSION = YES;
				CLANG_WARN_DIRECT_OBJC_ISA_USAGE = YES_ERROR;
				CLANG_WARN_EMPTY_BODY = YES;
				CLANG_WARN_ENUM_CONVERSION = YES;
				CLANG_WARN_INT_CONVERSION = YES;
				CLANG_WARN_OBJC_ROOT_CLASS = YES_ERROR;
				CLANG_WARN_UNREACHABLE_CODE = YES;
				CLANG_WARN__DUPLICATE_METHOD_MATCH = YES;
				"CODE_SIGN_IDENTITY[sdk=iphoneos*]" = "iPhone Developer";
				COPY_PHASE_STRIP = NO;
				DEBUG_INFORMATION_FORMAT = "dwarf-with-dsym";
				ENABLE_NS_ASSERTIONS = NO;
				ENABLE_STRICT_OBJC_MSGSEND = YES;
				GCC_C_LANGUAGE_STANDARD = gnu99;
				GCC_NO_COMMON_BLOCKS = YES;
				GCC_WARN_64_TO_32_BIT_CONVERSION = YES;
				GCC_WARN_ABOUT_RETURN_TYPE = YES_ERROR;
				GCC_WARN_UNDECLARED_SELECTOR = YES;
				GCC_WARN_UNINITIALIZED_AUTOS = YES_AGGRESSIVE;
				GCC_WARN_UNUSED_FUNCTION = YES;
				GCC_WARN_UNUSED_VARIABLE = YES;
				IPHONEOS_DEPLOYMENT_TARGET = 9.1;
				MTL_ENABLE_DEBUG_INFO = NO;
				SDKROOT = iphoneos;
				TARGETED_DEVICE_FAMILY = "1,2";
				VALIDATE_PRODUCT = YES;
			};
			name = Release;
		};
		5C562BD81C38583200694DAD /* Debug */ = {
			isa = XCBuildConfiguration;
			buildSettings = {
				ASSETCATALOG_COMPILER_APPICON_NAME = AppIcon;
				INFOPLIST_FILE = PizzaCreator/Info.plist;
				LD_RUNPATH_SEARCH_PATHS = "$(inherited) @executable_path/Frameworks";
				PRODUCT_BUNDLE_IDENTIFIER = net.houzone.PizzaCreator;
				PRODUCT_NAME = "$(TARGET_NAME)";
			};
			name = Debug;
		};
		5C562BD91C38583200694DAD /* Release */ = {
			isa = XCBuildConfiguration;
			buildSettings = {
				ASSETCATALOG_COMPILER_APPICON_NAME = AppIcon;
				INFOPLIST_FILE = PizzaCreator/Info.plist;
				LD_RUNPATH_SEARCH_PATHS = "$(inherited) @executable_path/Frameworks";
				PRODUCT_BUNDLE_IDENTIFIER = net.houzone.PizzaCreator;
				PRODUCT_NAME = "$(TARGET_NAME)";
			};
			name = Release;
		};
/* End XCBuildConfiguration section */

/* Begin XCConfigurationList section */
		5C562BC01C38583100694DAD /* Build configuration list for PBXProject "PizzaCreator" */ = {
			isa = XCConfigurationList;
			buildConfigurations = (
				5C562BD51C38583200694DAD /* Debug */,
				5C562BD61C38583200694DAD /* Release */,
			);
			defaultConfigurationIsVisible = 0;
			defaultConfigurationName = Release;
		};
		5C562BD71C38583200694DAD /* Build configuration list for PBXNativeTarget "PizzaCreator" */ = {
			isa = XCConfigurationList;
			buildConfigurations = (
				5C562BD81C38583200694DAD /* Debug */,
				5C562BD91C38583200694DAD /* Release */,
			);
			defaultConfigurationIsVisible = 0;
		};
/* End XCConfigurationList section */
	};
	rootObject = 5C562BBD1C38583100694DAD /* Project object */;
}
